# @generated by Move, please check-in and do not edit manually.

[move]
version = 3
manifest_digest = "C4A12D452B6DDF0D355C664B5AC6FF45C2EA9998C35FF59D0A3B3CC6963F69E1"
deps_digest = "F8BBB0CCB2491CA29A3DF03D6F92277A4F3574266507ACD77214D37ECA3F3082"
dependencies = [
  { id = "Iota", name = "Iota" },
]

[[move.package]]
id = "Iota"
source = { git = "https://github.com/iotaledger/iota.git", rev = "devnet", subdir = "crates/iota-framework/packages/iota-framework" }

dependencies = [
  { id = "MoveStdlib", name = "MoveStdlib" },
]

[[move.package]]
id = "MoveStdlib"
source = { git = "https://github.com/iotaledger/iota.git", rev = "devnet", subdir = "crates/iota-framework/packages/move-stdlib" }

[move.toolchain-version]
compiler-version = "1.12.0-rc"
edition = "2024"
flavor = "iota"

[env]

[env.testnet]
chain-id = "2304aa97"
original-published-id = "0xb1045dd7bb85637244841834bde8b1de0a3464e2ea8da1c985c4e5db98da6cf3"
latest-published-id = "0xb1045dd7bb85637244841834bde8b1de0a3464e2ea8da1c985c4e5db98da6cf3"
published-version = "1"

[env.devnet]
chain-id = "e678123a"
original-published-id = "0x7c7bb7973908ae00e848621947aa36ab02e227c1fdebaf187c0d3935e70d2615"
latest-published-id = "0x7c7bb7973908ae00e848621947aa36ab02e227c1fdebaf187c0d3935e70d2615"
published-version = "1"

